
Microsoft Visual Studio Solution File, Format Version 12.00
# Visual Studio Version 17
VisualStudioVersion = 17.2.32630.192
MinimumVisualStudioVersion = 10.0.40219.1
Project("{FAE04EC0-301F-11D3-BF4B-00C04F79EFBC}") = "WindowsClinica", "WindowsClinica\WindowsClinica.csproj", "{8E326A95-89A5-4B6D-8A47-A3F1DB5D818B}"
EndProject
Global
	GlobalSection(SolutionConfigurationPlatforms) = preSolution
		Debug|Any CPU = Debug|Any CPU
		Release|Any CPU = Release|Any CPU
	EndGlobalSection
	GlobalSection(ProjectConfigurationPlatforms) = postSolution
		{8E326A95-89A5-4B6D-8A47-A3F1DB5D818B}.Debug|Any CPU.ActiveCfg = Debug|Any CPU
		{8E326A95-89A5-4B6D-8A47-A3F1DB5D818B}.Debug|Any CPU.Build.0 = Debug|Any CPU
		{8E326A95-89A5-4B6D-8A47-A3F1DB5D818B}.Release|Any CPU.ActiveCfg = Release|Any CPU
		{8E326A95-89A5-4B6D-8A47-A3F1DB5D818B}.Release|Any CPU.Build.0 = Release|Any CPU
	EndGlobalSection
	GlobalSection(SolutionProperties) = preSolution
		HideSolutionNode = FALSE
	EndGlobalSection
	GlobalSection(ExtensibilityGlobals) = postSolution
		SolutionGuid = {7BD716A4-039F-462D-9194-E1455AC42CA4}
	EndGlobalSection
EndGlobal
