
Microsoft Visual Studio Solution File, Format Version 12.00
# Visual Studio Version 17
VisualStudioVersion = 17.2.32630.192
MinimumVisualStudioVersion = 10.0.40219.1
Project("{FAE04EC0-301F-11D3-BF4B-00C04F79EFBC}") = "WindowsEFEscuela", "WindowsEFEscuela\WindowsEFEscuela.csproj", "{DB864539-69EC-4688-A7AD-F23B312B5598}"
EndProject
Global
	GlobalSection(SolutionConfigurationPlatforms) = preSolution
		Debug|Any CPU = Debug|Any CPU
		Release|Any CPU = Release|Any CPU
	EndGlobalSection
	GlobalSection(ProjectConfigurationPlatforms) = postSolution
		{DB864539-69EC-4688-A7AD-F23B312B5598}.Debug|Any CPU.ActiveCfg = Debug|Any CPU
		{DB864539-69EC-4688-A7AD-F23B312B5598}.Debug|Any CPU.Build.0 = Debug|Any CPU
		{DB864539-69EC-4688-A7AD-F23B312B5598}.Release|Any CPU.ActiveCfg = Release|Any CPU
		{DB864539-69EC-4688-A7AD-F23B312B5598}.Release|Any CPU.Build.0 = Release|Any CPU
	EndGlobalSection
	GlobalSection(SolutionProperties) = preSolution
		HideSolutionNode = FALSE
	EndGlobalSection
	GlobalSection(ExtensibilityGlobals) = postSolution
		SolutionGuid = {351AF4E5-9DF8-46AB-A0A0-516A939E333B}
	EndGlobalSection
EndGlobal
